
Microsoft Visual Studio Solution File, Format Version 12.00
# Visual Studio Version 16
VisualStudioVersion = 16.0.32802.440
MinimumVisualStudioVersion = 10.0.40219.1
Project("{9A19103F-16F7-4668-BE54-9A1E7A4F7556}") = "Reverse_a_String", "Reverse_a_String\Reverse_a_String.csproj", "{AADB84BF-3A76-406E-8E3D-CE0FA2B988B5}"
EndProject
Project("{9A19103F-16F7-4668-BE54-9A1E7A4F7556}") = "Check_Palindrome", "..\Check_Palindrome\Check_Palindrome.csproj", "{A324E7D0-29AA-4E1E-BBEB-590F8212371F}"
EndProject
Project("{9A19103F-16F7-4668-BE54-9A1E7A4F7556}") = "reverse_the_order_of_words_in_a_given_string", "..\reverse_the_order_of_words_in_a_given_string\reverse_the_order_of_words_in_a_given_string.csproj", "{B2C365BB-2758-46B7-A0BB-F53B37B05DBC}"
EndProject
Project("{9A19103F-16F7-4668-BE54-9A1E7A4F7556}") = "reverse_each _word _in _a_given_string", "..\reverse_each _word _in _a_given_string\reverse_each _word _in _a_given_string.csproj", "{6AEB8C6B-4032-409A-A352-9497D9F03151}"
EndProject
Project("{9A19103F-16F7-4668-BE54-9A1E7A4F7556}") = "count_the_occurrence_of_each_character_in_a_string", "..\count_the_occurrence_of_each_character_in_a_string\count_the_occurrence_of_each_character_in_a_string.csproj", "{44E0ADD9-1EFD-4742-AF04-C2B1261F6950}"
EndProject
Project("{FAE04EC0-301F-11D3-BF4B-00C04F79EFBC}") = "Star_Triangle_Pattern", "..\Star_Triangle_Pattern\Star_Triangle_Pattern.csproj", "{67C55A61-8EE3-4BDD-B4D5-905F228A00E3}"
EndProject
Global
	GlobalSection(SolutionConfigurationPlatforms) = preSolution
		Debug|Any CPU = Debug|Any CPU
		Release|Any CPU = Release|Any CPU
	EndGlobalSection
	GlobalSection(ProjectConfigurationPlatforms) = postSolution
		{AADB84BF-3A76-406E-8E3D-CE0FA2B988B5}.Debug|Any CPU.ActiveCfg = Debug|Any CPU
		{AADB84BF-3A76-406E-8E3D-CE0FA2B988B5}.Debug|Any CPU.Build.0 = Debug|Any CPU
		{AADB84BF-3A76-406E-8E3D-CE0FA2B988B5}.Release|Any CPU.ActiveCfg = Release|Any CPU
		{AADB84BF-3A76-406E-8E3D-CE0FA2B988B5}.Release|Any CPU.Build.0 = Release|Any CPU
		{A324E7D0-29AA-4E1E-BBEB-590F8212371F}.Debug|Any CPU.ActiveCfg = Debug|Any CPU
		{A324E7D0-29AA-4E1E-BBEB-590F8212371F}.Debug|Any CPU.Build.0 = Debug|Any CPU
		{A324E7D0-29AA-4E1E-BBEB-590F8212371F}.Release|Any CPU.ActiveCfg = Release|Any CPU
		{A324E7D0-29AA-4E1E-BBEB-590F8212371F}.Release|Any CPU.Build.0 = Release|Any CPU
		{B2C365BB-2758-46B7-A0BB-F53B37B05DBC}.Debug|Any CPU.ActiveCfg = Debug|Any CPU
		{B2C365BB-2758-46B7-A0BB-F53B37B05DBC}.Debug|Any CPU.Build.0 = Debug|Any CPU
		{B2C365BB-2758-46B7-A0BB-F53B37B05DBC}.Release|Any CPU.ActiveCfg = Release|Any CPU
		{B2C365BB-2758-46B7-A0BB-F53B37B05DBC}.Release|Any CPU.Build.0 = Release|Any CPU
		{6AEB8C6B-4032-409A-A352-9497D9F03151}.Debug|Any CPU.ActiveCfg = Debug|Any CPU
		{6AEB8C6B-4032-409A-A352-9497D9F03151}.Debug|Any CPU.Build.0 = Debug|Any CPU
		{6AEB8C6B-4032-409A-A352-9497D9F03151}.Release|Any CPU.ActiveCfg = Release|Any CPU
		{6AEB8C6B-4032-409A-A352-9497D9F03151}.Release|Any CPU.Build.0 = Release|Any CPU
		{44E0ADD9-1EFD-4742-AF04-C2B1261F6950}.Debug|Any CPU.ActiveCfg = Debug|Any CPU
		{44E0ADD9-1EFD-4742-AF04-C2B1261F6950}.Debug|Any CPU.Build.0 = Debug|Any CPU
		{44E0ADD9-1EFD-4742-AF04-C2B1261F6950}.Release|Any CPU.ActiveCfg = Release|Any CPU
		{44E0ADD9-1EFD-4742-AF04-C2B1261F6950}.Release|Any CPU.Build.0 = Release|Any CPU
		{67C55A61-8EE3-4BDD-B4D5-905F228A00E3}.Debug|Any CPU.ActiveCfg = Debug|Any CPU
		{67C55A61-8EE3-4BDD-B4D5-905F228A00E3}.Debug|Any CPU.Build.0 = Debug|Any CPU
		{67C55A61-8EE3-4BDD-B4D5-905F228A00E3}.Release|Any CPU.ActiveCfg = Release|Any CPU
		{67C55A61-8EE3-4BDD-B4D5-905F228A00E3}.Release|Any CPU.Build.0 = Release|Any CPU
	EndGlobalSection
	GlobalSection(SolutionProperties) = preSolution
		HideSolutionNode = FALSE
	EndGlobalSection
	GlobalSection(ExtensibilityGlobals) = postSolution
		SolutionGuid = {FFA181BA-6851-412E-BF6F-2BD12079DF37}
	EndGlobalSection
EndGlobal
